
Microsoft Visual Studio Solution File, Format Version 12.00
# Visual Studio Version 17
VisualStudioVersion = 17.8.34316.72
MinimumVisualStudioVersion = 10.0.40219.1
Project("{FAE04EC0-301F-11D3-BF4B-00C04F79EFBC}") = "ONLINEFOODMOLL", "ONLINEFOODMOLL\ONLINEFOODMOLL.csproj", "{B53450CB-0319-4864-B4BF-EFE3FEDF703A}"
EndProject
Global
	GlobalSection(SolutionConfigurationPlatforms) = preSolution
		Debug|Any CPU = Debug|Any CPU
		Release|Any CPU = Release|Any CPU
	EndGlobalSection
	GlobalSection(ProjectConfigurationPlatforms) = postSolution
		{B53450CB-0319-4864-B4BF-EFE3FEDF703A}.Debug|Any CPU.ActiveCfg = Debug|Any CPU
		{B53450CB-0319-4864-B4BF-EFE3FEDF703A}.Debug|Any CPU.Build.0 = Debug|Any CPU
		{B53450CB-0319-4864-B4BF-EFE3FEDF703A}.Release|Any CPU.ActiveCfg = Release|Any CPU
		{B53450CB-0319-4864-B4BF-EFE3FEDF703A}.Release|Any CPU.Build.0 = Release|Any CPU
	EndGlobalSection
	GlobalSection(SolutionProperties) = preSolution
		HideSolutionNode = FALSE
	EndGlobalSection
	GlobalSection(ExtensibilityGlobals) = postSolution
		SolutionGuid = {91BD5B44-5C14-4437-8E40-4FAB51D6031D}
	EndGlobalSection
EndGlobal
